
Microsoft Visual Studio Solution File, Format Version 12.00
Project("{FAE04EC0-301F-11D3-BF4B-00C04F79EFBC}") = "Questão1", "Questão1.csproj", "{42A400C5-4EA3-450A-A9D0-AB690C2246F6}"
EndProject
Global
	GlobalSection(SolutionConfigurationPlatforms) = preSolution
		Debug|Any CPU = Debug|Any CPU
		Release|Any CPU = Release|Any CPU
	EndGlobalSection
	GlobalSection(ProjectConfigurationPlatforms) = postSolution
		{42A400C5-4EA3-450A-A9D0-AB690C2246F6}.Debug|Any CPU.ActiveCfg = Debug|Any CPU
		{42A400C5-4EA3-450A-A9D0-AB690C2246F6}.Debug|Any CPU.Build.0 = Debug|Any CPU
		{42A400C5-4EA3-450A-A9D0-AB690C2246F6}.Release|Any CPU.ActiveCfg = Release|Any CPU
		{42A400C5-4EA3-450A-A9D0-AB690C2246F6}.Release|Any CPU.Build.0 = Release|Any CPU
	EndGlobalSection
EndGlobal
